{
  "name": "antigravity-automation",
  "version": "1.0.0",
  "lockfileVersion": 3,
  "requires": true,
  "packages": {
    "": {
      "name": "antigravity-automation",
      "version": "1.0.0",
      "dependencies": {
        "@agents/shared": "file:../shared",
        "@google/generative-ai": "^0.24.1",
        "@inquirer/prompts": "^8.1.0",
        "dotenv": "^17.2.3",
        "ioredis": "^5.8.2",
        "langfuse": "^3.38.6"
      },
      "devDependencies": {
        "@playwright/test": "^1.49.0",
        "@types/node": "^20.19.27",
        "commander": "^14.0.2",
        "rimraf": "^6.1.2",
        "typescript": "^5.9.3"
      }
    },
    "../shared": {
      "name": "@agents/shared",
      "version": "1.0.0",
      "dependencies": {
        "axios": "^1.13.2",
        "dotenv": "^16.3.1",
        "ioredis": "^5.3.2",
        "langfuse": "^3.0.0",
        "uuid": "^9.0.0"
      },
      "devDependencies": {
        "@types/jest": "^30.0.0",
        "@types/node": "^20.10.0",
        "@types/uuid": "^9.0.0",
        "jest": "^30.2.0",
        "ts-jest": "^29.4.6",
        "typescript": "^5.3.0"
      }
    },
    "node_modules/@agents/shared": {
      "resolved": "../shared",
      "link": true
    },
    "node_modules/@google/generative-ai": {
      "version": "0.24.1",
      "resolved": "https://registry.npmjs.org/@google/generative-ai/-/generative-ai-0.24.1.tgz",
      "integrity": "sha512-MqO+MLfM6kjxcKoy0p1wRzG3b4ZZXtPI+z2IE26UogS2Cm/XHO+7gGRBh6gcJsOiIVoH93UwKvW4HdgiOZCy9Q==",
      "license": "Apache-2.0",
      "engines": {
        "node": ">=18.0.0"
      }
    },
    "node_modules/@inquirer/ansi": {
      "version": "2.0.2",
      "resolved": "https://registry.npmjs.org/@inquirer/ansi/-/ansi-2.0.2.tgz",
      "integrity": "sha512-SYLX05PwJVnW+WVegZt1T4Ip1qba1ik+pNJPDiqvk6zS5Y/i8PhRzLpGEtVd7sW0G8cMtkD8t4AZYhQwm8vnww==",
      "license": "MIT",
      "engines": {
        "node": ">=23.5.0 || ^22.13.0 || ^21.7.0 || ^20.12.0"
      }
    },
    "node_modules/@inquirer/checkbox": {
      "version": "5.0.3",
      "resolved": "https://registry.npmjs.org/@inquirer/checkbox/-/checkbox-5.0.3.tgz",
      "integrity": "sha512-xtQP2eXMFlOcAhZ4ReKP2KZvDIBb1AnCfZ81wWXG3DXLVH0f0g4obE0XDPH+ukAEMRcZT0kdX2AS1jrWGXbpxw==",
      "license": "MIT",
      "dependencies": {
        "@inquirer/ansi": "^2.0.2",
        "@inquirer/core": "^11.1.0",
        "@inquirer/figures": "^2.0.2",
        "@inquirer/type": "^4.0.2"
      },
      "engines": {
        "node": ">=23.5.0 || ^22.13.0 || ^21.7.0 || ^20.12.0"
      },
      "peerDependencies": {
        "@types/node": ">=18"
      },
      "peerDependenciesMeta": {
        "@types/node": {
          "optional": true
        }
      }
    },
    "node_modules/@inquirer/confirm": {
      "version": "6.0.3",
      "resolved": "https://registry.npmjs.org/@inquirer/confirm/-/confirm-6.0.3.tgz",
      "integrity": "sha512-lyEvibDFL+NA5R4xl8FUmNhmu81B+LDL9L/MpKkZlQDJZXzG8InxiqYxiAlQYa9cqLLhYqKLQwZqXmSTqCLjyw==",
      "license": "MIT",
      "dependencies": {
        "@inquirer/core": "^11.1.0",
        "@inquirer/type": "^4.0.2"
      },
      "engines": {
        "node": ">=23.5.0 || ^22.13.0 || ^21.7.0 || ^20.12.0"
      },
      "peerDependencies": {
        "@types/node": ">=18"
      },
      "peerDependenciesMeta": {
        "@types/node": {
          "optional": true
        }
      }
    },
    "node_modules/@inquirer/core": {
      "version": "11.1.0",
      "resolved": "https://registry.npmjs.org/@inquirer/core/-/core-11.1.0.tgz",
      "integrity": "sha512-+jD/34T1pK8M5QmZD/ENhOfXdl9Zr+BrQAUc5h2anWgi7gggRq15ZbiBeLoObj0TLbdgW7TAIQRU2boMc9uOKQ==",
      "license": "MIT",
      "dependencies": {
        "@inquirer/ansi": "^2.0.2",
        "@inquirer/figures": "^2.0.2",
        "@inquirer/type": "^4.0.2",
        "cli-width": "^4.1.0",
        "mute-stream": "^3.0.0",
        "signal-exit": "^4.1.0",
        "wrap-ansi": "^9.0.2"
      },
      "engines": {
        "node": ">=23.5.0 || ^22.13.0 || ^21.7.0 || ^20.12.0"
      },
      "peerDependencies": {
        "@types/node": ">=18"
      },
      "peerDependenciesMeta": {
        "@types/node": {
          "optional": true
        }
      }
    },
    "node_modules/@inquirer/editor": {
      "version": "5.0.3",
      "resolved": "https://registry.npmjs.org/@inquirer/editor/-/editor-5.0.3.tgz",
      "integrity": "sha512-wYyQo96TsAqIciP/r5D3cFeV8h4WqKQ/YOvTg5yOfP2sqEbVVpbxPpfV3LM5D0EP4zUI3EZVHyIUIllnoIa8OQ==",
      "license": "MIT",
      "dependencies": {
        "@inquirer/core": "^11.1.0",
        "@inquirer/external-editor": "^2.0.2",
        "@inquirer/type": "^4.0.2"
      },
      "engines": {
        "node": ">=23.5.0 || ^22.13.0 || ^21.7.0 || ^20.12.0"
      },
      "peerDependencies": {
        "@types/node": ">=18"
      },
      "peerDependenciesMeta": {
        "@types/node": {
          "optional": true
        }
      }
    },
    "node_modules/@inquirer/expand": {
      "version": "5.0.3",
      "resolved": "https://registry.npmjs.org/@inquirer/expand/-/expand-5.0.3.tgz",
      "integrity": "sha512-2oINvuL27ujjxd95f6K2K909uZOU2x1WiAl7Wb1X/xOtL8CgQ1kSxzykIr7u4xTkXkXOAkCuF45T588/YKee7w==",
      "license": "MIT",
      "dependencies": {
        "@inquirer/core": "^11.1.0",
        "@inquirer/type": "^4.0.2"
      },
      "engines": {
        "node": ">=23.5.0 || ^22.13.0 || ^21.7.0 || ^20.12.0"
      },
      "peerDependencies": {
        "@types/node": ">=18"
      },
      "peerDependenciesMeta": {
        "@types/node": {
          "optional": true
        }
      }
    },
    "node_modules/@inquirer/external-editor": {
      "version": "2.0.2",
      "resolved": "https://registry.npmjs.org/@inquirer/external-editor/-/external-editor-2.0.2.tgz",
      "integrity": "sha512-X/fMXK7vXomRWEex1j8mnj7s1mpnTeP4CO/h2gysJhHLT2WjBnLv4ZQEGpm/kcYI8QfLZ2fgW+9kTKD+jeopLg==",
      "license": "MIT",
      "dependencies": {
        "chardet": "^2.1.1",
        "iconv-lite": "^0.7.0"
      },
      "engines": {
        "node": ">=23.5.0 || ^22.13.0 || ^21.7.0 || ^20.12.0"
      },
      "peerDependencies": {
        "@types/node": ">=18"
      },
      "peerDependenciesMeta": {
        "@types/node": {
          "optional": true
        }
      }
    },
    "node_modules/@inquirer/figures": {
      "version": "2.0.2",
      "resolved": "https://registry.npmjs.org/@inquirer/figures/-/figures-2.0.2.tgz",
      "integrity": "sha512-qXm6EVvQx/FmnSrCWCIGtMHwqeLgxABP8XgcaAoywsL0NFga9gD5kfG0gXiv80GjK9Hsoz4pgGwF/+CjygyV9A==",
      "license": "MIT",
      "engines": {
        "node": ">=23.5.0 || ^22.13.0 || ^21.7.0 || ^20.12.0"
      }
    },
    "node_modules/@inquirer/input": {
      "version": "5.0.3",
      "resolved": "https://registry.npmjs.org/@inquirer/input/-/input-5.0.3.tgz",
      "integrity": "sha512-4R0TdWl53dtp79Vs6Df2OHAtA2FVNqya1hND1f5wjHWxZJxwDMSNB1X5ADZJSsQKYAJ5JHCTO+GpJZ42mK0Otw==",
      "license": "MIT",
      "dependencies": {
        "@inquirer/core": "^11.1.0",
        "@inquirer/type": "^4.0.2"
      },
      "engines": {
        "node": ">=23.5.0 || ^22.13.0 || ^21.7.0 || ^20.12.0"
      },
      "peerDependencies": {
        "@types/node": ">=18"
      },
      "peerDependenciesMeta": {
        "@types/node": {
          "optional": true
        }
      }
    },
    "node_modules/@inquirer/number": {
      "version": "4.0.3",
      "resolved": "https://registry.npmjs.org/@inquirer/number/-/number-4.0.3.tgz",
      "integrity": "sha512-TjQLe93GGo5snRlu83JxE38ZPqj5ZVggL+QqqAF2oBA5JOJoxx25GG3EGH/XN/Os5WOmKfO8iLVdCXQxXRZIMQ==",
      "license": "MIT",
      "dependencies": {
        "@inquirer/core": "^11.1.0",
        "@inquirer/type": "^4.0.2"
      },
      "engines": {
        "node": ">=23.5.0 || ^22.13.0 || ^21.7.0 || ^20.12.0"
      },
      "peerDependencies": {
        "@types/node": ">=18"
      },
      "peerDependenciesMeta": {
        "@types/node": {
          "optional": true
        }
      }
    },
    "node_modules/@inquirer/password": {
      "version": "5.0.3",
      "resolved": "https://registry.npmjs.org/@inquirer/password/-/password-5.0.3.tgz",
      "integrity": "sha512-rCozGbUMAHedTeYWEN8sgZH4lRCdgG/WinFkit6ZPsp8JaNg2T0g3QslPBS5XbpORyKP/I+xyBO81kFEvhBmjA==",
      "license": "MIT",
      "dependencies": {
        "@inquirer/ansi": "^2.0.2",
        "@inquirer/core": "^11.1.0",
        "@inquirer/type": "^4.0.2"
      },
      "engines": {
        "node": ">=23.5.0 || ^22.13.0 || ^21.7.0 || ^20.12.0"
      },
      "peerDependencies": {
        "@types/node": ">=18"
      },
      "peerDependenciesMeta": {
        "@types/node": {
          "optional": true
        }
      }
    },
    "node_modules/@inquirer/prompts": {
      "version": "8.1.0",
      "resolved": "https://registry.npmjs.org/@inquirer/prompts/-/prompts-8.1.0.tgz",
      "integrity": "sha512-LsZMdKcmRNF5LyTRuZE5nWeOjganzmN3zwbtNfcs6GPh3I2TsTtF1UYZlbxVfhxd+EuUqLGs/Lm3Xt4v6Az1wA==",
      "license": "MIT",
      "dependencies": {
        "@inquirer/checkbox": "^5.0.3",
        "@inquirer/confirm": "^6.0.3",
        "@inquirer/editor": "^5.0.3",
        "@inquirer/expand": "^5.0.3",
        "@inquirer/input": "^5.0.3",
        "@inquirer/number": "^4.0.3",
        "@inquirer/password": "^5.0.3",
        "@inquirer/rawlist": "^5.1.0",
        "@inquirer/search": "^4.0.3",
        "@inquirer/select": "^5.0.3"
      },
      "engines": {
        "node": ">=23.5.0 || ^22.13.0 || ^21.7.0 || ^20.12.0"
      },
      "peerDependencies": {
        "@types/node": ">=18"
      },
      "peerDependenciesMeta": {
        "@types/node": {
          "optional": true
        }
      }
    },
    "node_modules/@inquirer/rawlist": {
      "version": "5.1.0",
      "resolved": "https://registry.npmjs.org/@inquirer/rawlist/-/rawlist-5.1.0.tgz",
      "integrity": "sha512-yUCuVh0jW026Gr2tZlG3kHignxcrLKDR3KBp+eUgNz+BAdSeZk0e18yt2gyBr+giYhj/WSIHCmPDOgp1mT2niQ==",
      "license": "MIT",
      "dependencies": {
        "@inquirer/core": "^11.1.0",
        "@inquirer/type": "^4.0.2"
      },
      "engines": {
        "node": ">=23.5.0 || ^22.13.0 || ^21.7.0 || ^20.12.0"
      },
      "peerDependencies": {
        "@types/node": ">=18"
      },
      "peerDependenciesMeta": {
        "@types/node": {
          "optional": true
        }
      }
    },
    "node_modules/@inquirer/search": {
      "version": "4.0.3",
      "resolved": "https://registry.npmjs.org/@inquirer/search/-/search-4.0.3.tgz",
      "integrity": "sha512-lzqVw0YwuKYetk5VwJ81Ba+dyVlhseHPx9YnRKQgwXdFS0kEavCz2gngnNhnMIxg8+j1N/rUl1t5s1npwa7bqg==",
      "license": "MIT",
      "dependencies": {
        "@inquirer/core": "^11.1.0",
        "@inquirer/figures": "^2.0.2",
        "@inquirer/type": "^4.0.2"
      },
      "engines": {
        "node": ">=23.5.0 || ^22.13.0 || ^21.7.0 || ^20.12.0"
      },
      "peerDependencies": {
        "@types/node": ">=18"
      },
      "peerDependenciesMeta": {
        "@types/node": {
          "optional": true
        }
      }
    },
    "node_modules/@inquirer/select": {
      "version": "5.0.3",
      "resolved": "https://registry.npmjs.org/@inquirer/select/-/select-5.0.3.tgz",
      "integrity": "sha512-M+ynbwS0ecQFDYMFrQrybA0qL8DV0snpc4kKevCCNaTpfghsRowRY7SlQBeIYNzHqXtiiz4RG9vTOeb/udew7w==",
      "license": "MIT",
      "dependencies": {
        "@inquirer/ansi": "^2.0.2",
        "@inquirer/core": "^11.1.0",
        "@inquirer/figures": "^2.0.2",
        "@inquirer/type": "^4.0.2"
      },
      "engines": {
        "node": ">=23.5.0 || ^22.13.0 || ^21.7.0 || ^20.12.0"
      },
      "peerDependencies": {
        "@types/node": ">=18"
      },
      "peerDependenciesMeta": {
        "@types/node": {
          "optional": true
        }
      }
    },
    "node_modules/@inquirer/type": {
      "version": "4.0.2",
      "resolved": "https://registry.npmjs.org/@inquirer/type/-/type-4.0.2.tgz",
      "integrity": "sha512-cae7mzluplsjSdgFA6ACLygb5jC8alO0UUnFPyu0E7tNRPrL+q/f8VcSXp+cjZQ7l5CMpDpi2G1+IQvkOiL1Lw==",
      "license": "MIT",
      "engines": {
        "node": ">=23.5.0 || ^22.13.0 || ^21.7.0 || ^20.12.0"
      },
      "peerDependencies": {
        "@types/node": ">=18"
      },
      "peerDependenciesMeta": {
        "@types/node": {
          "optional": true
        }
      }
    },
    "node_modules/@ioredis/commands": {
      "version": "1.4.0",
      "resolved": "https://registry.npmjs.org/@ioredis/commands/-/commands-1.4.0.tgz",
      "integrity": "sha512-aFT2yemJJo+TZCmieA7qnYGQooOS7QfNmYrzGtsYd3g9j5iDP8AimYYAesf79ohjbLG12XxC4nG5DyEnC88AsQ==",
      "license": "MIT"
    },
    "node_modules/@isaacs/balanced-match": {
      "version": "4.0.1",
      "resolved": "https://registry.npmjs.org/@isaacs/balanced-match/-/balanced-match-4.0.1.tgz",
      "integrity": "sha512-yzMTt9lEb8Gv7zRioUilSglI0c0smZ9k5D65677DLWLtWJaXIS3CqcGyUFByYKlnUj6TkjLVs54fBl6+TiGQDQ==",
      "dev": true,
      "license": "MIT",
      "engines": {
        "node": "20 || >=22"
      }
    },
    "node_modules/@isaacs/brace-expansion": {
      "version": "5.0.0",
      "resolved": "https://registry.npmjs.org/@isaacs/brace-expansion/-/brace-expansion-5.0.0.tgz",
      "integrity": "sha512-ZT55BDLV0yv0RBm2czMiZ+SqCGO7AvmOM3G/w2xhVPH+te0aKgFjmBvGlL1dH+ql2tgGO3MVrbb3jCKyvpgnxA==",
      "dev": true,
      "license": "MIT",
      "dependencies": {
        "@isaacs/balanced-match": "^4.0.1"
      },
      "engines": {
        "node": "20 || >=22"
      }
    },
    "node_modules/@playwright/test": {
      "version": "1.57.0",
      "resolved": "https://registry.npmjs.org/@playwright/test/-/test-1.57.0.tgz",
      "integrity": "sha512-6TyEnHgd6SArQO8UO2OMTxshln3QMWBtPGrOCgs3wVEmQmwyuNtB10IZMfmYDE0riwNR1cu4q+pPcxMVtaG3TA==",
      "dev": true,
      "license": "Apache-2.0",
      "dependencies": {
        "playwright": "1.57.0"
      },
      "bin": {
        "playwright": "cli.js"
      },
      "engines": {
        "node": ">=18"
      }
    },
    "node_modules/@types/node": {
      "version": "20.19.27",
      "resolved": "https://registry.npmjs.org/@types/node/-/node-20.19.27.tgz",
      "integrity": "sha512-N2clP5pJhB2YnZJ3PIHFk5RkygRX5WO/5f0WC08tp0wd+sv0rsJk3MqWn3CbNmT2J505a5336jaQj4ph1AdMug==",
      "devOptional": true,
      "license": "MIT",
      "dependencies": {
        "undici-types": "~6.21.0"
      }
    },
    "node_modules/ansi-regex": {
      "version": "6.2.2",
      "resolved": "https://registry.npmjs.org/ansi-regex/-/ansi-regex-6.2.2.tgz",
      "integrity": "sha512-Bq3SmSpyFHaWjPk8If9yc6svM8c56dB5BAtW4Qbw5jHTwwXXcTLoRMkpDJp6VL0XzlWaCHTXrkFURMYmD0sLqg==",
      "license": "MIT",
      "engines": {
        "node": ">=12"
      },
      "funding": {
        "url": "https://github.com/chalk/ansi-regex?sponsor=1"
      }
    },
    "node_modules/ansi-styles": {
      "version": "6.2.3",
      "resolved": "https://registry.npmjs.org/ansi-styles/-/ansi-styles-6.2.3.tgz",
      "integrity": "sha512-4Dj6M28JB+oAH8kFkTLUo+a2jwOFkuqb3yucU0CANcRRUbxS0cP0nZYCGjcc3BNXwRIsUVmDGgzawme7zvJHvg==",
      "license": "MIT",
      "engines": {
        "node": ">=12"
      },
      "funding": {
        "url": "https://github.com/chalk/ansi-styles?sponsor=1"
      }
    },
    "node_modules/chardet": {
      "version": "2.1.1",
      "resolved": "https://registry.npmjs.org/chardet/-/chardet-2.1.1.tgz",
      "integrity": "sha512-PsezH1rqdV9VvyNhxxOW32/d75r01NY7TQCmOqomRo15ZSOKbpTFVsfjghxo6JloQUCGnH4k1LGu0R4yCLlWQQ==",
      "license": "MIT"
    },
    "node_modules/cli-width": {
      "version": "4.1.0",
      "resolved": "https://registry.npmjs.org/cli-width/-/cli-width-4.1.0.tgz",
      "integrity": "sha512-ouuZd4/dm2Sw5Gmqy6bGyNNNe1qt9RpmxveLSO7KcgsTnU7RXfsw+/bukWGo1abgBiMAic068rclZsO4IWmmxQ==",
      "license": "ISC",
      "engines": {
        "node": ">= 12"
      }
    },
    "node_modules/cluster-key-slot": {
      "version": "1.1.2",
      "resolved": "https://registry.npmjs.org/cluster-key-slot/-/cluster-key-slot-1.1.2.tgz",
      "integrity": "sha512-RMr0FhtfXemyinomL4hrWcYJxmX6deFdCxpJzhDttxgO1+bcCnkk+9drydLVDmAMG7NE6aN/fl4F7ucU/90gAA==",
      "license": "Apache-2.0",
      "engines": {
        "node": ">=0.10.0"
      }
    },
    "node_modules/commander": {
      "version": "14.0.2",
      "resolved": "https://registry.npmjs.org/commander/-/commander-14.0.2.tgz",
      "integrity": "sha512-TywoWNNRbhoD0BXs1P3ZEScW8W5iKrnbithIl0YH+uCmBd0QpPOA8yc82DS3BIE5Ma6FnBVUsJ7wVUDz4dvOWQ==",
      "dev": true,
      "license": "MIT",
      "engines": {
        "node": ">=20"
      }
    },
    "node_modules/debug": {
      "version": "4.4.3",
      "resolved": "https://registry.npmjs.org/debug/-/debug-4.4.3.tgz",
      "integrity": "sha512-RGwwWnwQvkVfavKVt22FGLw+xYSdzARwm0ru6DhTVA3umU5hZc28V3kO4stgYryrTlLpuvgI9GiijltAjNbcqA==",
      "license": "MIT",
      "dependencies": {
        "ms": "^2.1.3"
      },
      "engines": {
        "node": ">=6.0"
      },
      "peerDependenciesMeta": {
        "supports-color": {
          "optional": true
        }
      }
    },
    "node_modules/denque": {
      "version": "2.1.0",
      "resolved": "https://registry.npmjs.org/denque/-/denque-2.1.0.tgz",
      "integrity": "sha512-HVQE3AAb/pxF8fQAoiqpvg9i3evqug3hoiwakOyZAwJm+6vZehbkYXZ0l4JxS+I3QxM97v5aaRNhj8v5oBhekw==",
      "license": "Apache-2.0",
      "engines": {
        "node": ">=0.10"
      }
    },
    "node_modules/dotenv": {
      "version": "17.2.3",
      "resolved": "https://registry.npmjs.org/dotenv/-/dotenv-17.2.3.tgz",
      "integrity": "sha512-JVUnt+DUIzu87TABbhPmNfVdBDt18BLOWjMUFJMSi/Qqg7NTYtabbvSNJGOJ7afbRuv9D/lngizHtP7QyLQ+9w==",
      "license": "BSD-2-Clause",
      "engines": {
        "node": ">=12"
      },
      "funding": {
        "url": "https://dotenvx.com"
      }
    },
    "node_modules/emoji-regex": {
      "version": "10.6.0",
      "resolved": "https://registry.npmjs.org/emoji-regex/-/emoji-regex-10.6.0.tgz",
      "integrity": "sha512-toUI84YS5YmxW219erniWD0CIVOo46xGKColeNQRgOzDorgBi1v4D71/OFzgD9GO2UGKIv1C3Sp8DAn0+j5w7A==",
      "license": "MIT"
    },
    "node_modules/fsevents": {
      "version": "2.3.2",
      "resolved": "https://registry.npmjs.org/fsevents/-/fsevents-2.3.2.tgz",
      "integrity": "sha512-xiqMQR4xAeHTuB9uWm+fFRcIOgKBMiOBP+eXiyT7jsgVCq1bkVygt00oASowB7EdtpOHaaPgKt812P9ab+DDKA==",
      "dev": true,
      "hasInstallScript": true,
      "license": "MIT",
      "optional": true,
      "os": [
        "darwin"
      ],
      "engines": {
        "node": "^8.16.0 || ^10.6.0 || >=11.0.0"
      }
    },
    "node_modules/get-east-asian-width": {
      "version": "1.4.0",
      "resolved": "https://registry.npmjs.org/get-east-asian-width/-/get-east-asian-width-1.4.0.tgz",
      "integrity": "sha512-QZjmEOC+IT1uk6Rx0sX22V6uHWVwbdbxf1faPqJ1QhLdGgsRGCZoyaQBm/piRdJy/D2um6hM1UP7ZEeQ4EkP+Q==",
      "license": "MIT",
      "engines": {
        "node": ">=18"
      },
      "funding": {
        "url": "https://github.com/sponsors/sindresorhus"
      }
    },
    "node_modules/glob": {
      "version": "13.0.0",
      "resolved": "https://registry.npmjs.org/glob/-/glob-13.0.0.tgz",
      "integrity": "sha512-tvZgpqk6fz4BaNZ66ZsRaZnbHvP/jG3uKJvAZOwEVUL4RTA5nJeeLYfyN9/VA8NX/V3IBG+hkeuGpKjvELkVhA==",
      "dev": true,
      "license": "BlueOak-1.0.0",
      "dependencies": {
        "minimatch": "^10.1.1",
        "minipass": "^7.1.2",
        "path-scurry": "^2.0.0"
      },
      "engines": {
        "node": "20 || >=22"
      },
      "funding": {
        "url": "https://github.com/sponsors/isaacs"
      }
    },
    "node_modules/iconv-lite": {
      "version": "0.7.1",
      "resolved": "https://registry.npmjs.org/iconv-lite/-/iconv-lite-0.7.1.tgz",
      "integrity": "sha512-2Tth85cXwGFHfvRgZWszZSvdo+0Xsqmw8k8ZwxScfcBneNUraK+dxRxRm24nszx80Y0TVio8kKLt5sLE7ZCLlw==",
      "license": "MIT",
      "dependencies": {
        "safer-buffer": ">= 2.1.2 < 3.0.0"
      },
      "engines": {
        "node": ">=0.10.0"
      },
      "funding": {
        "type": "opencollective",
        "url": "https://opencollective.com/express"
      }
    },
    "node_modules/ioredis": {
      "version": "5.8.2",
      "resolved": "https://registry.npmjs.org/ioredis/-/ioredis-5.8.2.tgz",
      "integrity": "sha512-C6uC+kleiIMmjViJINWk80sOQw5lEzse1ZmvD+S/s8p8CWapftSaC+kocGTx6xrbrJ4WmYQGC08ffHLr6ToR6Q==",
      "license": "MIT",
      "dependencies": {
        "@ioredis/commands": "1.4.0",
        "cluster-key-slot": "^1.1.0",
        "debug": "^4.3.4",
        "denque": "^2.1.0",
        "lodash.defaults": "^4.2.0",
        "lodash.isarguments": "^3.1.0",
        "redis-errors": "^1.2.0",
        "redis-parser": "^3.0.0",
        "standard-as-callback": "^2.1.0"
      },
      "engines": {
        "node": ">=12.22.0"
      },
      "funding": {
        "type": "opencollective",
        "url": "https://opencollective.com/ioredis"
      }
    },
    "node_modules/langfuse": {
      "version": "3.38.6",
      "resolved": "https://registry.npmjs.org/langfuse/-/langfuse-3.38.6.tgz",
      "integrity": "sha512-mtwfsNGIYvObRh+NYNGlJQJDiBN+Wr3Hnr++wN25mxuOpSTdXX+JQqVCyAqGL5GD2TAXRZ7COsN42Vmp9krYmg==",
      "license": "MIT",
      "dependencies": {
        "langfuse-core": "^3.38.6"
      },
      "engines": {
        "node": ">=18"
      }
    },
    "node_modules/langfuse-core": {
      "version": "3.38.6",
      "resolved": "https://registry.npmjs.org/langfuse-core/-/langfuse-core-3.38.6.tgz",
      "integrity": "sha512-EcZXa+DK9FJdi1I30+u19eKjuBJ04du6j2Nybk19KKCuraLczg/ppkTQcGvc4QOk//OAi3qUHrajUuV74RXsBQ==",
      "license": "MIT",
      "dependencies": {
        "mustache": "^4.2.0"
      },
      "engines": {
        "node": ">=18"
      }
    },
    "node_modules/lodash.defaults": {
      "version": "4.2.0",
      "resolved": "https://registry.npmjs.org/lodash.defaults/-/lodash.defaults-4.2.0.tgz",
      "integrity": "sha512-qjxPLHd3r5DnsdGacqOMU6pb/avJzdh9tFX2ymgoZE27BmjXrNy/y4LoaiTeAb+O3gL8AfpJGtqfX/ae2leYYQ==",
      "license": "MIT"
    },
    "node_modules/lodash.isarguments": {
      "version": "3.1.0",
      "resolved": "https://registry.npmjs.org/lodash.isarguments/-/lodash.isarguments-3.1.0.tgz",
      "integrity": "sha512-chi4NHZlZqZD18a0imDHnZPrDeBbTtVN7GXMwuGdRH9qotxAjYs3aVLKc7zNOG9eddR5Ksd8rvFEBc9SsggPpg==",
      "license": "MIT"
    },
    "node_modules/lru-cache": {
      "version": "11.2.4",
      "resolved": "https://registry.npmjs.org/lru-cache/-/lru-cache-11.2.4.tgz",
      "integrity": "sha512-B5Y16Jr9LB9dHVkh6ZevG+vAbOsNOYCX+sXvFWFu7B3Iz5mijW3zdbMyhsh8ANd2mSWBYdJgnqi+mL7/LrOPYg==",
      "dev": true,
      "license": "BlueOak-1.0.0",
      "engines": {
        "node": "20 || >=22"
      }
    },
    "node_modules/minimatch": {
      "version": "10.1.1",
      "resolved": "https://registry.npmjs.org/minimatch/-/minimatch-10.1.1.tgz",
      "integrity": "sha512-enIvLvRAFZYXJzkCYG5RKmPfrFArdLv+R+lbQ53BmIMLIry74bjKzX6iHAm8WYamJkhSSEabrWN5D97XnKObjQ==",
      "dev": true,
      "license": "BlueOak-1.0.0",
      "dependencies": {
        "@isaacs/brace-expansion": "^5.0.0"
      },
      "engines": {
        "node": "20 || >=22"
      },
      "funding": {
        "url": "https://github.com/sponsors/isaacs"
      }
    },
    "node_modules/minipass": {
      "version": "7.1.2",
      "resolved": "https://registry.npmjs.org/minipass/-/minipass-7.1.2.tgz",
      "integrity": "sha512-qOOzS1cBTWYF4BH8fVePDBOO9iptMnGUEZwNc/cMWnTV2nVLZ7VoNWEPHkYczZA0pdoA7dl6e7FL659nX9S2aw==",
      "dev": true,
      "license": "ISC",
      "engines": {
        "node": ">=16 || 14 >=14.17"
      }
    },
    "node_modules/ms": {
      "version": "2.1.3",
      "resolved": "https://registry.npmjs.org/ms/-/ms-2.1.3.tgz",
      "integrity": "sha512-6FlzubTLZG3J2a/NVCAleEhjzq5oxgHyaCU9yYXvcLsvoVaHJq/s5xXI6/XXP6tz7R9xAOtHnSO/tXtF3WRTlA==",
      "license": "MIT"
    },
    "node_modules/mustache": {
      "version": "4.2.0",
      "resolved": "https://registry.npmjs.org/mustache/-/mustache-4.2.0.tgz",
      "integrity": "sha512-71ippSywq5Yb7/tVYyGbkBggbU8H3u5Rz56fH60jGFgr8uHwxs+aSKeqmluIVzM0m0kB7xQjKS6qPfd0b2ZoqQ==",
      "license": "MIT",
      "bin": {
        "mustache": "bin/mustache"
      }
    },
    "node_modules/mute-stream": {
      "version": "3.0.0",
      "resolved": "https://registry.npmjs.org/mute-stream/-/mute-stream-3.0.0.tgz",
      "integrity": "sha512-dkEJPVvun4FryqBmZ5KhDo0K9iDXAwn08tMLDinNdRBNPcYEDiWYysLcc6k3mjTMlbP9KyylvRpd4wFtwrT9rw==",
      "license": "ISC",
      "engines": {
        "node": "^20.17.0 || >=22.9.0"
      }
    },
    "node_modules/package-json-from-dist": {
      "version": "1.0.1",
      "resolved": "https://registry.npmjs.org/package-json-from-dist/-/package-json-from-dist-1.0.1.tgz",
      "integrity": "sha512-UEZIS3/by4OC8vL3P2dTXRETpebLI2NiI5vIrjaD/5UtrkFX/tNbwjTSRAGC/+7CAo2pIcBaRgWmcBBHcsaCIw==",
      "dev": true,
      "license": "BlueOak-1.0.0"
    },
    "node_modules/path-scurry": {
      "version": "2.0.1",
      "resolved": "https://registry.npmjs.org/path-scurry/-/path-scurry-2.0.1.tgz",
      "integrity": "sha512-oWyT4gICAu+kaA7QWk/jvCHWarMKNs6pXOGWKDTr7cw4IGcUbW+PeTfbaQiLGheFRpjo6O9J0PmyMfQPjH71oA==",
      "dev": true,
      "license": "BlueOak-1.0.0",
      "dependencies": {
        "lru-cache": "^11.0.0",
        "minipass": "^7.1.2"
      },
      "engines": {
        "node": "20 || >=22"
      },
      "funding": {
        "url": "https://github.com/sponsors/isaacs"
      }
    },
    "node_modules/playwright": {
      "version": "1.57.0",
      "resolved": "https://registry.npmjs.org/playwright/-/playwright-1.57.0.tgz",
      "integrity": "sha512-ilYQj1s8sr2ppEJ2YVadYBN0Mb3mdo9J0wQ+UuDhzYqURwSoW4n1Xs5vs7ORwgDGmyEh33tRMeS8KhdkMoLXQw==",
      "dev": true,
      "license": "Apache-2.0",
      "dependencies": {
        "playwright-core": "1.57.0"
      },
      "bin": {
        "playwright": "cli.js"
      },
      "engines": {
        "node": ">=18"
      },
      "optionalDependencies": {
        "fsevents": "2.3.2"
      }
    },
    "node_modules/playwright-core": {
      "version": "1.57.0",
      "resolved": "https://registry.npmjs.org/playwright-core/-/playwright-core-1.57.0.tgz",
      "integrity": "sha512-agTcKlMw/mjBWOnD6kFZttAAGHgi/Nw0CZ2o6JqWSbMlI219lAFLZZCyqByTsvVAJq5XA5H8cA6PrvBRpBWEuQ==",
      "dev": true,
      "license": "Apache-2.0",
      "bin": {
        "playwright-core": "cli.js"
      },
      "engines": {
        "node": ">=18"
      }
    },
    "node_modules/redis-errors": {
      "version": "1.2.0",
      "resolved": "https://registry.npmjs.org/redis-errors/-/redis-errors-1.2.0.tgz",
      "integrity": "sha512-1qny3OExCf0UvUV/5wpYKf2YwPcOqXzkwKKSmKHiE6ZMQs5heeE/c8eXK+PNllPvmjgAbfnsbpkGZWy8cBpn9w==",
      "license": "MIT",
      "engines": {
        "node": ">=4"
      }
    },
    "node_modules/redis-parser": {
      "version": "3.0.0",
      "resolved": "https://registry.npmjs.org/redis-parser/-/redis-parser-3.0.0.tgz",
      "integrity": "sha512-DJnGAeenTdpMEH6uAJRK/uiyEIH9WVsUmoLwzudwGJUwZPp80PDBWPHXSAGNPwNvIXAbe7MSUB1zQFugFml66A==",
      "license": "MIT",
      "dependencies": {
        "redis-errors": "^1.0.0"
      },
      "engines": {
        "node": ">=4"
      }
    },
    "node_modules/rimraf": {
      "version": "6.1.2",
      "resolved": "https://registry.npmjs.org/rimraf/-/rimraf-6.1.2.tgz",
      "integrity": "sha512-cFCkPslJv7BAXJsYlK1dZsbP8/ZNLkCAQ0bi1hf5EKX2QHegmDFEFA6QhuYJlk7UDdc+02JjO80YSOrWPpw06g==",
      "dev": true,
      "license": "BlueOak-1.0.0",
      "dependencies": {
        "glob": "^13.0.0",
        "package-json-from-dist": "^1.0.1"
      },
      "bin": {
        "rimraf": "dist/esm/bin.mjs"
      },
      "engines": {
        "node": "20 || >=22"
      },
      "funding": {
        "url": "https://github.com/sponsors/isaacs"
      }
    },
    "node_modules/safer-buffer": {
      "version": "2.1.2",
      "resolved": "https://registry.npmjs.org/safer-buffer/-/safer-buffer-2.1.2.tgz",
      "integrity": "sha512-YZo3K82SD7Riyi0E1EQPojLz7kpepnSQI9IyPbHHg1XXXevb5dJI7tpyN2ADxGcQbHG7vcyRHk0cbwqcQriUtg==",
      "license": "MIT"
    },
    "node_modules/signal-exit": {
      "version": "4.1.0",
      "resolved": "https://registry.npmjs.org/signal-exit/-/signal-exit-4.1.0.tgz",
      "integrity": "sha512-bzyZ1e88w9O1iNJbKnOlvYTrWPDl46O1bG0D3XInv+9tkPrxrN8jUUTiFlDkkmKWgn1M6CfIA13SuGqOa9Korw==",
      "license": "ISC",
      "engines": {
        "node": ">=14"
      },
      "funding": {
        "url": "https://github.com/sponsors/isaacs"
      }
    },
    "node_modules/standard-as-callback": {
      "version": "2.1.0",
      "resolved": "https://registry.npmjs.org/standard-as-callback/-/standard-as-callback-2.1.0.tgz",
      "integrity": "sha512-qoRRSyROncaz1z0mvYqIE4lCd9p2R90i6GxW3uZv5ucSu8tU7B5HXUP1gG8pVZsYNVaXjk8ClXHPttLyxAL48A==",
      "license": "MIT"
    },
    "node_modules/string-width": {
      "version": "7.2.0",
      "resolved": "https://registry.npmjs.org/string-width/-/string-width-7.2.0.tgz",
      "integrity": "sha512-tsaTIkKW9b4N+AEj+SVA+WhJzV7/zMhcSu78mLKWSk7cXMOSHsBKFWUs0fWwq8QyK3MgJBQRX6Gbi4kYbdvGkQ==",
      "license": "MIT",
      "dependencies": {
        "emoji-regex": "^10.3.0",
        "get-east-asian-width": "^1.0.0",
        "strip-ansi": "^7.1.0"
      },
      "engines": {
        "node": ">=18"
      },
      "funding": {
        "url": "https://github.com/sponsors/sindresorhus"
      }
    },
    "node_modules/strip-ansi": {
      "version": "7.1.2",
      "resolved": "https://registry.npmjs.org/strip-ansi/-/strip-ansi-7.1.2.tgz",
      "integrity": "sha512-gmBGslpoQJtgnMAvOVqGZpEz9dyoKTCzy2nfz/n8aIFhN/jCE/rCmcxabB6jOOHV+0WNnylOxaxBQPSvcWklhA==",
      "license": "MIT",
      "dependencies": {
        "ansi-regex": "^6.0.1"
      },
      "engines": {
        "node": ">=12"
      },
      "funding": {
        "url": "https://github.com/chalk/strip-ansi?sponsor=1"
      }
    },
    "node_modules/typescript": {
      "version": "5.9.3",
      "resolved": "https://registry.npmjs.org/typescript/-/typescript-5.9.3.tgz",
      "integrity": "sha512-jl1vZzPDinLr9eUt3J/t7V6FgNEw9QjvBPdysz9KfQDD41fQrC2Y4vKQdiaUpFT4bXlb1RHhLpp8wtm6M5TgSw==",
      "dev": true,
      "license": "Apache-2.0",
      "bin": {
        "tsc": "bin/tsc",
        "tsserver": "bin/tsserver"
      },
      "engines": {
        "node": ">=14.17"
      }
    },
    "node_modules/undici-types": {
      "version": "6.21.0",
      "resolved": "https://registry.npmjs.org/undici-types/-/undici-types-6.21.0.tgz",
      "integrity": "sha512-iwDZqg0QAGrg9Rav5H4n0M64c3mkR59cJ6wQp+7C4nI0gsmExaedaYLNO44eT4AtBBwjbTiGPMlt2Md0T9H9JQ==",
      "devOptional": true,
      "license": "MIT"
    },
    "node_modules/wrap-ansi": {
      "version": "9.0.2",
      "resolved": "https://registry.npmjs.org/wrap-ansi/-/wrap-ansi-9.0.2.tgz",
      "integrity": "sha512-42AtmgqjV+X1VpdOfyTGOYRi0/zsoLqtXQckTmqTeybT+BDIbM/Guxo7x3pE2vtpr1ok6xRqM9OpBe+Jyoqyww==",
      "license": "MIT",
      "dependencies": {
        "ansi-styles": "^6.2.1",
        "string-width": "^7.0.0",
        "strip-ansi": "^7.1.0"
      },
      "engines": {
        "node": ">=18"
      },
      "funding": {
        "url": "https://github.com/chalk/wrap-ansi?sponsor=1"
      }
    }
  }
}
